Microsoft Visual Studio Solution File, Format Version 12.00
# Visual Studio Version 17
VisualStudioVersion = 17.5.2.0
MinimumVisualStudioVersion = 10.0.40219.1
Project("{2150E333-8FDC-42A3-9474-1A3956D46DE8}") = "csharp", "csharp", "{B41BF331-FCCB-2ADF-CDB6-767964B34647}"
EndProject
Project("{FAE04EC0-301F-11D3-BF4B-00C04F79EFBC}") = "Weep", "csharp\Weep\Weep.csproj", "{22C3DF4A-E2E4-E3A8-68D0-F7DD6936E8F0}"
EndProject
Project("{FAE04EC0-301F-11D3-BF4B-00C04F79EFBC}") = "Weep.Kestrel", "csharp\Weep.Kestrel\Weep.Kestrel.csproj", "{A4523E68-9654-0005-AB5B-0697AE8EBDF0}"
EndProject
Project("{FAE04EC0-301F-11D3-BF4B-00C04F79EFBC}") = "Weep.TestRunner", "csharp\Weep.TestRunner\Weep.TestRunner.csproj", "{580A64AA-7CC1-5A00-DC0B-D46CD25DBF80}"
EndProject
Global
	GlobalSection(SolutionConfigurationPlatforms) = preSolution
		Debug|Any CPU = Debug|Any CPU
		Release|Any CPU = Release|Any CPU
	EndGlobalSection
	GlobalSection(ProjectConfigurationPlatforms) = postSolution
		{22C3DF4A-E2E4-E3A8-68D0-F7DD6936E8F0}.Debug|Any CPU.ActiveCfg = Debug|Any CPU
		{22C3DF4A-E2E4-E3A8-68D0-F7DD6936E8F0}.Debug|Any CPU.Build.0 = Debug|Any CPU
		{22C3DF4A-E2E4-E3A8-68D0-F7DD6936E8F0}.Release|Any CPU.ActiveCfg = Release|Any CPU
		{22C3DF4A-E2E4-E3A8-68D0-F7DD6936E8F0}.Release|Any CPU.Build.0 = Release|Any CPU
		{A4523E68-9654-0005-AB5B-0697AE8EBDF0}.Debug|Any CPU.ActiveCfg = Debug|Any CPU
		{A4523E68-9654-0005-AB5B-0697AE8EBDF0}.Debug|Any CPU.Build.0 = Debug|Any CPU
		{A4523E68-9654-0005-AB5B-0697AE8EBDF0}.Release|Any CPU.ActiveCfg = Release|Any CPU
		{A4523E68-9654-0005-AB5B-0697AE8EBDF0}.Release|Any CPU.Build.0 = Release|Any CPU
		{580A64AA-7CC1-5A00-DC0B-D46CD25DBF80}.Debug|Any CPU.ActiveCfg = Debug|Any CPU
		{580A64AA-7CC1-5A00-DC0B-D46CD25DBF80}.Debug|Any CPU.Build.0 = Debug|Any CPU
		{580A64AA-7CC1-5A00-DC0B-D46CD25DBF80}.Release|Any CPU.ActiveCfg = Release|Any CPU
		{580A64AA-7CC1-5A00-DC0B-D46CD25DBF80}.Release|Any CPU.Build.0 = Release|Any CPU
	EndGlobalSection
	GlobalSection(SolutionProperties) = preSolution
		HideSolutionNode = FALSE
	EndGlobalSection
	GlobalSection(NestedProjects) = preSolution
		{22C3DF4A-E2E4-E3A8-68D0-F7DD6936E8F0} = {B41BF331-FCCB-2ADF-CDB6-767964B34647}
		{A4523E68-9654-0005-AB5B-0697AE8EBDF0} = {B41BF331-FCCB-2ADF-CDB6-767964B34647}
		{580A64AA-7CC1-5A00-DC0B-D46CD25DBF80} = {B41BF331-FCCB-2ADF-CDB6-767964B34647}
	EndGlobalSection
	GlobalSection(ExtensibilityGlobals) = postSolution
		SolutionGuid = {EF1184EF-6D3B-4C99-BDB5-3A0B0EE0AF07}
	EndGlobalSection
EndGlobal
